
Microsoft Visual Studio Solution File, Format Version 12.00
# Visual Studio 15
VisualStudioVersion = 15.0.28010.2036
MinimumVisualStudioVersion = 10.0.40219.1
Project("{FAE04EC0-301F-11D3-BF4B-00C04F79EFBC}") = "RobotControlApplication", "RobotControlApplication\RobotControlApplication.csproj", "{2B427F79-3DB8-49CF-8E8B-DD3AEACB97B5}"
EndProject
Global
	GlobalSection(SolutionConfigurationPlatforms) = preSolution
		Debug|Any CPU = Debug|Any CPU
		Release|Any CPU = Release|Any CPU
	EndGlobalSection
	GlobalSection(ProjectConfigurationPlatforms) = postSolution
		{2B427F79-3DB8-49CF-8E8B-DD3AEACB97B5}.Debug|Any CPU.ActiveCfg = Debug|Any CPU
		{2B427F79-3DB8-49CF-8E8B-DD3AEACB97B5}.Debug|Any CPU.Build.0 = Debug|Any CPU
		{2B427F79-3DB8-49CF-8E8B-DD3AEACB97B5}.Release|Any CPU.ActiveCfg = Release|Any CPU
		{2B427F79-3DB8-49CF-8E8B-DD3AEACB97B5}.Release|Any CPU.Build.0 = Release|Any CPU
	EndGlobalSection
	GlobalSection(SolutionProperties) = preSolution
		HideSolutionNode = FALSE
	EndGlobalSection
	GlobalSection(ExtensibilityGlobals) = postSolution
		SolutionGuid = {248EEA0B-94C2-49AA-A665-4797D09D191C}
	EndGlobalSection
EndGlobal
